// !$*UTF8*$!
{
	archiveVersion = 1;
	classes = {
	};
	objectVersion = 46;
	objects = {

/* Begin PBXAggregateTarget section */
		19977EA08DF8412CBA244E7E /* ALL_BUILD */ = {
			isa = PBXAggregateTarget;
			buildConfigurationList = 9A37E9C00A774C25AD461F45 /* Build configuration list for PBXAggregateTarget "ALL_BUILD" */;
			buildPhases = (
				F53189D756504C4386423D77 /* CMake Rules */,
			);
			dependencies = (
				C37B8D5283024E1BB20F7278 /* PBXTargetDependency */,
				2FDD2FD6BD6E4AA5BB3B9EF4 /* PBXTargetDependency */,
			);
			name = ALL_BUILD;
			productName = ALL_BUILD;
		};
		96C02A4EAAEF4CAC82C25A43 /* ZERO_CHECK */ = {
			isa = PBXAggregateTarget;
			buildConfigurationList = B443698C45F64A67ABEE865D /* Build configuration list for PBXAggregateTarget "ZERO_CHECK" */;
			buildPhases = (
				233938EA11E3496B854763D9 /* CMake Rules */,
			);
			dependencies = (
			);
			name = ZERO_CHECK;
			productName = ZERO_CHECK;
		};
/* End PBXAggregateTarget section */

/* Begin PBXBuildFile section */
		237A8499515942D2AB7F37C3 /* Shader.cpp in Sources */ = {isa = PBXBuildFile; fileRef = 3FB3BD6070B34901947D0CE9 /* Shader.cpp */; settings = {COMPILER_FLAGS = ""; }; };
		4CC1B45716994FC78BBD7E80 /* Graphics.cpp in Sources */ = {isa = PBXBuildFile; fileRef = 21C337A484C64964B4C5914E /* Graphics.cpp */; settings = {COMPILER_FLAGS = ""; }; };
		A65FDCFEDB544F168E1EDB4C /* main.cpp in Sources */ = {isa = PBXBuildFile; fileRef = EF1789B424D6421BB4E98A61 /* main.cpp */; settings = {COMPILER_FLAGS = ""; }; };
/* End PBXBuildFile section */

/* Begin PBXContainerItemProxy section */
		349437CBE21E4D77A3B65F4C /* PBXContainerItemProxy */ = {
			isa = PBXContainerItemProxy;
			containerPortal = 8E444C4376AE454F99422D11 /* Project object */;
			proxyType = 1;
			remoteGlobalIDString = 96C02A4EAAEF4CAC82C25A43;
			remoteInfo = ZERO_CHECK;
		};
		B48042AAC1A0402BB74027EC /* PBXContainerItemProxy */ = {
			isa = PBXContainerItemProxy;
			containerPortal = 8E444C4376AE454F99422D11 /* Project object */;
			proxyType = 1;
			remoteGlobalIDString = 96C02A4EAAEF4CAC82C25A43;
			remoteInfo = ZERO_CHECK;
		};
		F7788566C4414D5DB145F681 /* PBXContainerItemProxy */ = {
			isa = PBXContainerItemProxy;
			containerPortal = 8E444C4376AE454F99422D11 /* Project object */;
			proxyType = 1;
			remoteGlobalIDString = F585954ADC2540FFAFC32460;
			remoteInfo = GP2BaseCode;
		};
/* End PBXContainerItemProxy section */

/* Begin PBXFileReference section */
		21C337A484C64964B4C5914E /* Graphics.cpp */ = {isa = PBXFileReference; explicitFileType = sourcecode.cpp.cpp; fileEncoding = 4; name = Graphics.cpp; path = src/Graphics.cpp; sourceTree = SOURCE_ROOT; };
		3FB3BD6070B34901947D0CE9 /* Shader.cpp */ = {isa = PBXFileReference; explicitFileType = sourcecode.cpp.cpp; fileEncoding = 4; name = Shader.cpp; path = src/Shader.cpp; sourceTree = SOURCE_ROOT; };
		48AFB96511AB4AAEA99DDA2C /* CMakeLists.txt */ = {isa = PBXFileReference; explicitFileType = sourcecode.text; fileEncoding = 4; lastKnownFileType = text; path = CMakeLists.txt; sourceTree = SOURCE_ROOT; };
		4E6C1EE5FE50427FB7D889E7 /* GP2BaseCode */ = {isa = PBXFileReference; explicitFileType = "compiled.mach-o.executable"; path = GP2BaseCode; sourceTree = BUILT_PRODUCTS_DIR; };
		5F10D848AE58494B9A477C84 /* Graphics.h */ = {isa = PBXFileReference; explicitFileType = sourcecode.c.h; fileEncoding = 4; name = Graphics.h; path = include/Graphics.h; sourceTree = SOURCE_ROOT; };
		6F6D7AF1839A4B29A0EE2436 /* CMakeLists.txt */ = {isa = PBXFileReference; explicitFileType = sourcecode.text; fileEncoding = 4; lastKnownFileType = text; path = CMakeLists.txt; sourceTree = SOURCE_ROOT; };
		8F9CADF867B64257A24D8BA7 /* Common.h */ = {isa = PBXFileReference; explicitFileType = sourcecode.c.h; fileEncoding = 4; name = Common.h; path = include/Common.h; sourceTree = SOURCE_ROOT; };
		A0C92084C4944FB8A5427C5D /* CMakeLists.txt */ = {isa = PBXFileReference; explicitFileType = sourcecode.text; fileEncoding = 4; lastKnownFileType = text; path = CMakeLists.txt; sourceTree = SOURCE_ROOT; };
		A24BD831426E410397C708CC /* Vertex.h */ = {isa = PBXFileReference; explicitFileType = sourcecode.c.h; fileEncoding = 4; name = Vertex.h; path = include/Vertex.h; sourceTree = SOURCE_ROOT; };
		A5790336EDC84ADEA587FD3C /* Shader.h */ = {isa = PBXFileReference; explicitFileType = sourcecode.c.h; fileEncoding = 4; name = Shader.h; path = include/Shader.h; sourceTree = SOURCE_ROOT; };
		EF1789B424D6421BB4E98A61 /* main.cpp */ = {isa = PBXFileReference; explicitFileType = sourcecode.cpp.cpp; fileEncoding = 4; name = main.cpp; path = src/main.cpp; sourceTree = SOURCE_ROOT; };
/* End PBXFileReference section */

/* Begin PBXGroup section */
		2AB3F3928846452EAA91B4F1 /* Sources */ = {
			isa = PBXGroup;
			children = (
				72DDDD5A8BE74515B88E3DD5 /* ALL_BUILD */,
				2F4E1FE9234942F284E5F434 /* GP2BaseCode */,
				F55AF25E9BB9459B9099368C /* ZERO_CHECK */,
			);
			name = Sources;
			sourceTree = "<group>";
		};
		2F4E1FE9234942F284E5F434 /* GP2BaseCode */ = {
			isa = PBXGroup;
			children = (
				BA2B7C70D9C14AF694AEB8E7 /* Source Files */,
				E2E27A128EF1434CBF0AAE77 /* Header Files */,
				6F6D7AF1839A4B29A0EE2436 /* CMakeLists.txt */,
			);
			name = GP2BaseCode;
			sourceTree = "<group>";
		};
		6CEE890D79CE4C358F7B94A1 /* Resources */ = {
			isa = PBXGroup;
			children = (
			);
			name = Resources;
			sourceTree = "<group>";
		};
		72DDDD5A8BE74515B88E3DD5 /* ALL_BUILD */ = {
			isa = PBXGroup;
			children = (
				E705F0431E1F46C5A48AA396 /* CMake Rules */,
				48AFB96511AB4AAEA99DDA2C /* CMakeLists.txt */,
			);
			name = ALL_BUILD;
			sourceTree = "<group>";
		};
		98FD0D53546248A19A474F3B /* Products */ = {
			isa = PBXGroup;
			children = (
				4E6C1EE5FE50427FB7D889E7 /* GP2BaseCode */,
			);
			name = Products;
			sourceTree = "<group>";
		};
		BA2B7C70D9C14AF694AEB8E7 /* Source Files */ = {
			isa = PBXGroup;
			children = (
				21C337A484C64964B4C5914E /* Graphics.cpp */,
				3FB3BD6070B34901947D0CE9 /* Shader.cpp */,
				EF1789B424D6421BB4E98A61 /* main.cpp */,
			);
			name = "Source Files";
			sourceTree = "<group>";
		};
		E2E27A128EF1434CBF0AAE77 /* Header Files */ = {
			isa = PBXGroup;
			children = (
				8F9CADF867B64257A24D8BA7 /* Common.h */,
				5F10D848AE58494B9A477C84 /* Graphics.h */,
				A5790336EDC84ADEA587FD3C /* Shader.h */,
				A24BD831426E410397C708CC /* Vertex.h */,
			);
			name = "Header Files";
			sourceTree = "<group>";
		};
		E705F0431E1F46C5A48AA396 /* CMake Rules */ = {
			isa = PBXGroup;
			children = (
			);
			name = "CMake Rules";
			sourceTree = "<group>";
		};
		EF99FA019D844F34900F1E62 = {
			isa = PBXGroup;
			children = (
				2AB3F3928846452EAA91B4F1 /* Sources */,
				6CEE890D79CE4C358F7B94A1 /* Resources */,
				98FD0D53546248A19A474F3B /* Products */,
			);
			sourceTree = "<group>";
		};
		F55AF25E9BB9459B9099368C /* ZERO_CHECK */ = {
			isa = PBXGroup;
			children = (
				F84957939B4142DB812540F2 /* CMake Rules */,
				A0C92084C4944FB8A5427C5D /* CMakeLists.txt */,
			);
			name = ZERO_CHECK;
			sourceTree = "<group>";
		};
		F84957939B4142DB812540F2 /* CMake Rules */ = {
			isa = PBXGroup;
			children = (
			);
			name = "CMake Rules";
			sourceTree = "<group>";
		};
/* End PBXGroup section */

/* Begin PBXNativeTarget section */
		F585954ADC2540FFAFC32460 /* GP2BaseCode */ = {
			isa = PBXNativeTarget;
			buildConfigurationList = 37556576F47D48548A605CA6 /* Build configuration list for PBXNativeTarget "GP2BaseCode" */;
			buildPhases = (
				2755509CFDFF4C84A1509BA9 /* Sources */,
				50DE214E087C41238C318222 /* CMake PostBuild Rules */,
			);
			buildRules = (
			);
			dependencies = (
				BA2A8FC0423D4FE18B53222B /* PBXTargetDependency */,
			);
			name = GP2BaseCode;
			productName = GP2BaseCode;
			productReference = 4E6C1EE5FE50427FB7D889E7 /* GP2BaseCode */;
			productType = "com.apple.product-type.tool";
		};
/* End PBXNativeTarget section */

/* Begin PBXProject section */
		8E444C4376AE454F99422D11 /* Project object */ = {
			isa = PBXProject;
			attributes = {
				BuildIndependentTargetsInParallel = YES;
				LastUpgradeCheck = 0720;
			};
			buildConfigurationList = 105D441018074C7E812EFA2B /* Build configuration list for PBXProject "GP2BaseCode" */;
			compatibilityVersion = "Xcode 3.2";
			developmentRegion = English;
			hasScannedForEncodings = 0;
			knownRegions = (
				en,
			);
			mainGroup = EF99FA019D844F34900F1E62;
			projectDirPath = ../;
			projectRoot = "";
			targets = (
				19977EA08DF8412CBA244E7E /* ALL_BUILD */,
				F585954ADC2540FFAFC32460 /* GP2BaseCode */,
				96C02A4EAAEF4CAC82C25A43 /* ZERO_CHECK */,
			);
		};
/* End PBXProject section */

/* Begin PBXShellScriptBuildPhase section */
		233938EA11E3496B854763D9 /* CMake Rules */ = {
			isa = PBXShellScriptBuildPhase;
			buildActionMask = 2147483647;
			files = (
			);
			name = "CMake Rules";
			runOnlyForDeploymentPostprocessing = 0;
			shellPath = /bin/sh;
			shellScript = "make -C /Users/MHReid/Documents/GP2-Labs/GP2BaseCode/workingExBuild -f /Users/MHReid/Documents/GP2-Labs/GP2BaseCode/workingExBuild/CMakeScripts/ZERO_CHECK_cmakeRulesBuildPhase.make$CONFIGURATION all";
			showEnvVarsInLog = 0;
		};
		50DE214E087C41238C318222 /* CMake PostBuild Rules */ = {
			isa = PBXShellScriptBuildPhase;
			buildActionMask = 2147483647;
			files = (
			);
			name = "CMake PostBuild Rules";
			runOnlyForDeploymentPostprocessing = 0;
			shellPath = /bin/sh;
			shellScript = "make -C /Users/MHReid/Documents/GP2-Labs/GP2BaseCode/workingExBuild -f /Users/MHReid/Documents/GP2-Labs/GP2BaseCode/workingExBuild/CMakeScripts/GP2BaseCode_postBuildPhase.make$CONFIGURATION all";
			showEnvVarsInLog = 0;
		};
		F53189D756504C4386423D77 /* CMake Rules */ = {
			isa = PBXShellScriptBuildPhase;
			buildActionMask = 2147483647;
			files = (
			);
			name = "CMake Rules";
			runOnlyForDeploymentPostprocessing = 0;
			shellPath = /bin/sh;
			shellScript = "make -C /Users/MHReid/Documents/GP2-Labs/GP2BaseCode/workingExBuild -f /Users/MHReid/Documents/GP2-Labs/GP2BaseCode/workingExBuild/CMakeScripts/ALL_BUILD_cmakeRulesBuildPhase.make$CONFIGURATION all";
			showEnvVarsInLog = 0;
		};
/* End PBXShellScriptBuildPhase section */

/* Begin PBXSourcesBuildPhase section */
		2755509CFDFF4C84A1509BA9 /* Sources */ = {
			isa = PBXSourcesBuildPhase;
			buildActionMask = 2147483647;
			files = (
				4CC1B45716994FC78BBD7E80 /* Graphics.cpp in Sources */,
				237A8499515942D2AB7F37C3 /* Shader.cpp in Sources */,
				A65FDCFEDB544F168E1EDB4C /* main.cpp in Sources */,
			);
			runOnlyForDeploymentPostprocessing = 0;
		};
/* End PBXSourcesBuildPhase section */

/* Begin PBXTargetDependency section */
		2FDD2FD6BD6E4AA5BB3B9EF4 /* PBXTargetDependency */ = {
			isa = PBXTargetDependency;
			target = 96C02A4EAAEF4CAC82C25A43 /* ZERO_CHECK */;
			targetProxy = B48042AAC1A0402BB74027EC /* PBXContainerItemProxy */;
		};
		BA2A8FC0423D4FE18B53222B /* PBXTargetDependency */ = {
			isa = PBXTargetDependency;
			target = 96C02A4EAAEF4CAC82C25A43 /* ZERO_CHECK */;
			targetProxy = 349437CBE21E4D77A3B65F4C /* PBXContainerItemProxy */;
		};
		C37B8D5283024E1BB20F7278 /* PBXTargetDependency */ = {
			isa = PBXTargetDependency;
			target = F585954ADC2540FFAFC32460 /* GP2BaseCode */;
			targetProxy = F7788566C4414D5DB145F681 /* PBXContainerItemProxy */;
		};
/* End PBXTargetDependency section */

/* Begin XCBuildConfiguration section */
		0C701C8D95234C039380A367 /* MinSizeRel */ = {
			isa = XCBuildConfiguration;
			buildSettings = {
				COMBINE_HIDPI_IMAGES = YES;
				GCC_GENERATE_DEBUGGING_SYMBOLS = YES;
				GCC_INLINES_ARE_PRIVATE_EXTERN = NO;
				GCC_OPTIMIZATION_LEVEL = 0;
				GCC_PREPROCESSOR_DEFINITIONS = "'CMAKE_INTDIR=\"$(CONFIGURATION)$(EFFECTIVE_PLATFORM_NAME)\"'";
				GCC_SYMBOLS_PRIVATE_EXTERN = NO;
				HEADER_SEARCH_PATHS = (
					"/Users/MHReid/Documents/GP2-Labs/GP2BaseCode/GP2BaseCode",
					"/Users/MHReid/Documents/GP2-Labs/GP2BaseCode/include",
					/Library/Frameworks/SDL2.framework/Headers,
					/opt/local/include,
				);
				INSTALL_PATH = "";
				OTHER_LDFLAGS = " ";
				OTHER_REZFLAGS = "";
				PRODUCT_NAME = ALL_BUILD;
				SECTORDER_FLAGS = "";
				SYMROOT = "/Users/MHReid/Documents/GP2-Labs/GP2BaseCode/workingExBuild";
				USE_HEADERMAP = NO;
				WARNING_CFLAGS = (
					"-Wmost",
					"-Wno-four-char-constants",
					"-Wno-unknown-pragmas",
					"$(inherited)",
				);
			};
			name = MinSizeRel;
		};
		170ACCFE9DCC460A8CB66D66 /* RelWithDebInfo */ = {
			isa = XCBuildConfiguration;
			buildSettings = {
				ONLY_ACTIVE_ARCH = YES;
				SDKROOT = "/Applications/Xcode-beta.app/Contents/Developer/Platforms/MacOSX.platform/Developer/SDKs/MacOSX10.11.sdk";
				SYMROOT = "/Users/MHReid/Documents/GP2-Labs/GP2BaseCode/workingExBuild/build";
			};
			name = RelWithDebInfo;
		};
		2F2E9D183EDC42A08390FA91 /* Debug */ = {
			isa = XCBuildConfiguration;
			buildSettings = {
				COMBINE_HIDPI_IMAGES = YES;
				EXECUTABLE_PREFIX = "";
				EXECUTABLE_SUFFIX = "";
				FRAMEWORK_SEARCH_PATHS = /Library/Frameworks;
				GCC_GENERATE_DEBUGGING_SYMBOLS = YES;
				GCC_INLINES_ARE_PRIVATE_EXTERN = NO;
				GCC_OPTIMIZATION_LEVEL = 0;
				GCC_PREPROCESSOR_DEFINITIONS = "'CMAKE_INTDIR=\"$(CONFIGURATION)$(EFFECTIVE_PLATFORM_NAME)\"'";
				GCC_SYMBOLS_PRIVATE_EXTERN = NO;
				HEADER_SEARCH_PATHS = (
					"/Users/MHReid/Documents/GP2-Labs/GP2BaseCode/GP2BaseCode",
					"/Users/MHReid/Documents/GP2-Labs/GP2BaseCode/include",
					/Library/Frameworks/SDL2.framework/Headers,
					/opt/local/include,
				);
				INSTALL_PATH = "";
				LD_RUNPATH_SEARCH_PATHS = /Library/Frameworks;
				LIBRARY_SEARCH_PATHS = "";
				OTHER_CPLUSPLUSFLAGS = "-std=c++0x      ";
				OTHER_LDFLAGS = (
					"-Wl,-search_paths_first",
					"-Wl,-headerpad_max_install_names",
					"-framework",
					SDL2,
					"-framework",
					Cocoa,
					"-framework",
					AGL,
					"-framework",
					OpenGL,
					/opt/local/lib/libGLEW.dylib,
				);
				OTHER_REZFLAGS = "";
				PRODUCT_NAME = GP2BaseCode;
				SECTORDER_FLAGS = "";
				SYMROOT = "/Users/MHReid/Documents/GP2-Labs/GP2BaseCode/workingExBuild";
				USE_HEADERMAP = NO;
				WARNING_CFLAGS = (
					"-Wmost",
					"-Wno-four-char-constants",
					"-Wno-unknown-pragmas",
					"$(inherited)",
				);
			};
			name = Debug;
		};
		35D8AD066A6443F498D2306D /* Release */ = {
			isa = XCBuildConfiguration;
			buildSettings = {
				COMBINE_HIDPI_IMAGES = YES;
				EXECUTABLE_PREFIX = "";
				EXECUTABLE_SUFFIX = "";
				FRAMEWORK_SEARCH_PATHS = /Library/Frameworks;
				GCC_GENERATE_DEBUGGING_SYMBOLS = NO;
				GCC_INLINES_ARE_PRIVATE_EXTERN = NO;
				GCC_OPTIMIZATION_LEVEL = 3;
				GCC_PREPROCESSOR_DEFINITIONS = "'CMAKE_INTDIR=\"$(CONFIGURATION)$(EFFECTIVE_PLATFORM_NAME)\"'";
				GCC_SYMBOLS_PRIVATE_EXTERN = NO;
				HEADER_SEARCH_PATHS = (
					"/Users/MHReid/Documents/GP2-Labs/GP2BaseCode/GP2BaseCode",
					"/Users/MHReid/Documents/GP2-Labs/GP2BaseCode/include",
					/Library/Frameworks/SDL2.framework/Headers,
					/opt/local/include,
				);
				INSTALL_PATH = "";
				LD_RUNPATH_SEARCH_PATHS = /Library/Frameworks;
				LIBRARY_SEARCH_PATHS = "";
				OTHER_CPLUSPLUSFLAGS = (
					"-std=c++0x",
					"-DNDEBUG",
				);
				OTHER_LDFLAGS = (
					"-Wl,-search_paths_first",
					"-Wl,-headerpad_max_install_names",
					"-framework",
					SDL2,
					"-framework",
					Cocoa,
					"-framework",
					AGL,
					"-framework",
					OpenGL,
					/opt/local/lib/libGLEW.dylib,
				);
				OTHER_REZFLAGS = "";
				PRODUCT_NAME = GP2BaseCode;
				SECTORDER_FLAGS = "";
				SYMROOT = "/Users/MHReid/Documents/GP2-Labs/GP2BaseCode/workingExBuild";
				USE_HEADERMAP = NO;
				WARNING_CFLAGS = (
					"-Wmost",
					"-Wno-four-char-constants",
					"-Wno-unknown-pragmas",
					"$(inherited)",
				);
			};
			name = Release;
		};
		36E4A90B74884D6EA87EFE1A /* Debug */ = {
			isa = XCBuildConfiguration;
			buildSettings = {
				COMBINE_HIDPI_IMAGES = YES;
				GCC_GENERATE_DEBUGGING_SYMBOLS = YES;
				GCC_INLINES_ARE_PRIVATE_EXTERN = NO;
				GCC_OPTIMIZATION_LEVEL = 0;
				GCC_PREPROCESSOR_DEFINITIONS = "'CMAKE_INTDIR=\"$(CONFIGURATION)$(EFFECTIVE_PLATFORM_NAME)\"'";
				GCC_SYMBOLS_PRIVATE_EXTERN = NO;
				HEADER_SEARCH_PATHS = (
					"/Users/MHReid/Documents/GP2-Labs/GP2BaseCode/GP2BaseCode",
					"/Users/MHReid/Documents/GP2-Labs/GP2BaseCode/include",
					/Library/Frameworks/SDL2.framework/Headers,
					/opt/local/include,
				);
				INSTALL_PATH = "";
				OTHER_LDFLAGS = " ";
				OTHER_REZFLAGS = "";
				PRODUCT_NAME = ALL_BUILD;
				SECTORDER_FLAGS = "";
				SYMROOT = "/Users/MHReid/Documents/GP2-Labs/GP2BaseCode/workingExBuild";
				USE_HEADERMAP = NO;
				WARNING_CFLAGS = (
					"-Wmost",
					"-Wno-four-char-constants",
					"-Wno-unknown-pragmas",
					"$(inherited)",
				);
			};
			name = Debug;
		};
		468C7664AD5143E497E46A8F /* RelWithDebInfo */ = {
			isa = XCBuildConfiguration;
			buildSettings = {
				COMBINE_HIDPI_IMAGES = YES;
				EXECUTABLE_PREFIX = "";
				EXECUTABLE_SUFFIX = "";
				FRAMEWORK_SEARCH_PATHS = /Library/Frameworks;
				GCC_GENERATE_DEBUGGING_SYMBOLS = YES;
				GCC_INLINES_ARE_PRIVATE_EXTERN = NO;
				GCC_OPTIMIZATION_LEVEL = 2;
				GCC_PREPROCESSOR_DEFINITIONS = "'CMAKE_INTDIR=\"$(CONFIGURATION)$(EFFECTIVE_PLATFORM_NAME)\"'";
				GCC_SYMBOLS_PRIVATE_EXTERN = NO;
				HEADER_SEARCH_PATHS = (
					"/Users/MHReid/Documents/GP2-Labs/GP2BaseCode/GP2BaseCode",
					"/Users/MHReid/Documents/GP2-Labs/GP2BaseCode/include",
					/Library/Frameworks/SDL2.framework/Headers,
					/opt/local/include,
				);
				INSTALL_PATH = "";
				LD_RUNPATH_SEARCH_PATHS = /Library/Frameworks;
				LIBRARY_SEARCH_PATHS = "";
				OTHER_CPLUSPLUSFLAGS = (
					"-std=c++0x",
					"-DNDEBUG",
				);
				OTHER_LDFLAGS = (
					"-Wl,-search_paths_first",
					"-Wl,-headerpad_max_install_names",
					"-framework",
					SDL2,
					"-framework",
					Cocoa,
					"-framework",
					AGL,
					"-framework",
					OpenGL,
					/opt/local/lib/libGLEW.dylib,
				);
				OTHER_REZFLAGS = "";
				PRODUCT_NAME = GP2BaseCode;
				SECTORDER_FLAGS = "";
				SYMROOT = "/Users/MHReid/Documents/GP2-Labs/GP2BaseCode/workingExBuild";
				USE_HEADERMAP = NO;
				WARNING_CFLAGS = (
					"-Wmost",
					"-Wno-four-char-constants",
					"-Wno-unknown-pragmas",
					"$(inherited)",
				);
			};
			name = RelWithDebInfo;
		};
		540A9DE9454E4A968768100E /* Release */ = {
			isa = XCBuildConfiguration;
			buildSettings = {
				COMBINE_HIDPI_IMAGES = YES;
				GCC_GENERATE_DEBUGGING_SYMBOLS = YES;
				GCC_INLINES_ARE_PRIVATE_EXTERN = NO;
				GCC_OPTIMIZATION_LEVEL = 0;
				GCC_PREPROCESSOR_DEFINITIONS = "'CMAKE_INTDIR=\"$(CONFIGURATION)$(EFFECTIVE_PLATFORM_NAME)\"'";
				GCC_SYMBOLS_PRIVATE_EXTERN = NO;
				HEADER_SEARCH_PATHS = (
					"/Users/MHReid/Documents/GP2-Labs/GP2BaseCode/GP2BaseCode",
					"/Users/MHReid/Documents/GP2-Labs/GP2BaseCode/include",
					/Library/Frameworks/SDL2.framework/Headers,
					/opt/local/include,
				);
				INSTALL_PATH = "";
				OTHER_LDFLAGS = " ";
				OTHER_REZFLAGS = "";
				PRODUCT_NAME = ALL_BUILD;
				SECTORDER_FLAGS = "";
				SYMROOT = "/Users/MHReid/Documents/GP2-Labs/GP2BaseCode/workingExBuild";
				USE_HEADERMAP = NO;
				WARNING_CFLAGS = (
					"-Wmost",
					"-Wno-four-char-constants",
					"-Wno-unknown-pragmas",
					"$(inherited)",
				);
			};
			name = Release;
		};
		7FB6CF19E3E74CCEB5E5CC38 /* MinSizeRel */ = {
			isa = XCBuildConfiguration;
			buildSettings = {
				ONLY_ACTIVE_ARCH = YES;
				SDKROOT = "/Applications/Xcode-beta.app/Contents/Developer/Platforms/MacOSX.platform/Developer/SDKs/MacOSX10.11.sdk";
				SYMROOT = "/Users/MHReid/Documents/GP2-Labs/GP2BaseCode/workingExBuild/build";
			};
			name = MinSizeRel;
		};
		823B4D201BD747259C5908A5 /* RelWithDebInfo */ = {
			isa = XCBuildConfiguration;
			buildSettings = {
				COMBINE_HIDPI_IMAGES = YES;
				GCC_GENERATE_DEBUGGING_SYMBOLS = YES;
				GCC_INLINES_ARE_PRIVATE_EXTERN = NO;
				GCC_OPTIMIZATION_LEVEL = 0;
				GCC_PREPROCESSOR_DEFINITIONS = "'CMAKE_INTDIR=\"$(CONFIGURATION)$(EFFECTIVE_PLATFORM_NAME)\"'";
				GCC_SYMBOLS_PRIVATE_EXTERN = NO;
				HEADER_SEARCH_PATHS = (
					"/Users/MHReid/Documents/GP2-Labs/GP2BaseCode/GP2BaseCode",
					"/Users/MHReid/Documents/GP2-Labs/GP2BaseCode/include",
					/Library/Frameworks/SDL2.framework/Headers,
					/opt/local/include,
				);
				INSTALL_PATH = "";
				OTHER_LDFLAGS = " ";
				OTHER_REZFLAGS = "";
				PRODUCT_NAME = ZERO_CHECK;
				SECTORDER_FLAGS = "";
				SYMROOT = "/Users/MHReid/Documents/GP2-Labs/GP2BaseCode/workingExBuild";
				USE_HEADERMAP = NO;
				WARNING_CFLAGS = (
					"-Wmost",
					"-Wno-four-char-constants",
					"-Wno-unknown-pragmas",
					"$(inherited)",
				);
			};
			name = RelWithDebInfo;
		};
		852DECD05079411AA3FDD9CD /* Debug */ = {
			isa = XCBuildConfiguration;
			buildSettings = {
				ENABLE_TESTABILITY = YES;
				ONLY_ACTIVE_ARCH = YES;
				SDKROOT = "/Applications/Xcode-beta.app/Contents/Developer/Platforms/MacOSX.platform/Developer/SDKs/MacOSX10.11.sdk";
				SYMROOT = "/Users/MHReid/Documents/GP2-Labs/GP2BaseCode/workingExBuild/build";
			};
			name = Debug;
		};
		993D0CD29E0440138B062690 /* MinSizeRel */ = {
			isa = XCBuildConfiguration;
			buildSettings = {
				COMBINE_HIDPI_IMAGES = YES;
				GCC_GENERATE_DEBUGGING_SYMBOLS = YES;
				GCC_INLINES_ARE_PRIVATE_EXTERN = NO;
				GCC_OPTIMIZATION_LEVEL = 0;
				GCC_PREPROCESSOR_DEFINITIONS = "'CMAKE_INTDIR=\"$(CONFIGURATION)$(EFFECTIVE_PLATFORM_NAME)\"'";
				GCC_SYMBOLS_PRIVATE_EXTERN = NO;
				HEADER_SEARCH_PATHS = (
					"/Users/MHReid/Documents/GP2-Labs/GP2BaseCode/GP2BaseCode",
					"/Users/MHReid/Documents/GP2-Labs/GP2BaseCode/include",
					/Library/Frameworks/SDL2.framework/Headers,
					/opt/local/include,
				);
				INSTALL_PATH = "";
				OTHER_LDFLAGS = " ";
				OTHER_REZFLAGS = "";
				PRODUCT_NAME = ZERO_CHECK;
				SECTORDER_FLAGS = "";
				SYMROOT = "/Users/MHReid/Documents/GP2-Labs/GP2BaseCode/workingExBuild";
				USE_HEADERMAP = NO;
				WARNING_CFLAGS = (
					"-Wmost",
					"-Wno-four-char-constants",
					"-Wno-unknown-pragmas",
					"$(inherited)",
				);
			};
			name = MinSizeRel;
		};
		AF2EAC8C5AAC4361B287E70F /* Debug */ = {
			isa = XCBuildConfiguration;
			buildSettings = {
				COMBINE_HIDPI_IMAGES = YES;
				GCC_GENERATE_DEBUGGING_SYMBOLS = YES;
				GCC_INLINES_ARE_PRIVATE_EXTERN = NO;
				GCC_OPTIMIZATION_LEVEL = 0;
				GCC_PREPROCESSOR_DEFINITIONS = "'CMAKE_INTDIR=\"$(CONFIGURATION)$(EFFECTIVE_PLATFORM_NAME)\"'";
				GCC_SYMBOLS_PRIVATE_EXTERN = NO;
				HEADER_SEARCH_PATHS = (
					"/Users/MHReid/Documents/GP2-Labs/GP2BaseCode/GP2BaseCode",
					"/Users/MHReid/Documents/GP2-Labs/GP2BaseCode/include",
					/Library/Frameworks/SDL2.framework/Headers,
					/opt/local/include,
				);
				INSTALL_PATH = "";
				OTHER_LDFLAGS = " ";
				OTHER_REZFLAGS = "";
				PRODUCT_NAME = ZERO_CHECK;
				SECTORDER_FLAGS = "";
				SYMROOT = "/Users/MHReid/Documents/GP2-Labs/GP2BaseCode/workingExBuild";
				USE_HEADERMAP = NO;
				WARNING_CFLAGS = (
					"-Wmost",
					"-Wno-four-char-constants",
					"-Wno-unknown-pragmas",
					"$(inherited)",
				);
			};
			name = Debug;
		};
		B8883696A2F344E5B1AE105B /* Release */ = {
			isa = XCBuildConfiguration;
			buildSettings = {
				COMBINE_HIDPI_IMAGES = YES;
				GCC_GENERATE_DEBUGGING_SYMBOLS = YES;
				GCC_INLINES_ARE_PRIVATE_EXTERN = NO;
				GCC_OPTIMIZATION_LEVEL = 0;
				GCC_PREPROCESSOR_DEFINITIONS = "'CMAKE_INTDIR=\"$(CONFIGURATION)$(EFFECTIVE_PLATFORM_NAME)\"'";
				GCC_SYMBOLS_PRIVATE_EXTERN = NO;
				HEADER_SEARCH_PATHS = (
					"/Users/MHReid/Documents/GP2-Labs/GP2BaseCode/GP2BaseCode",
					"/Users/MHReid/Documents/GP2-Labs/GP2BaseCode/include",
					/Library/Frameworks/SDL2.framework/Headers,
					/opt/local/include,
				);
				INSTALL_PATH = "";
				OTHER_LDFLAGS = " ";
				OTHER_REZFLAGS = "";
				PRODUCT_NAME = ZERO_CHECK;
				SECTORDER_FLAGS = "";
				SYMROOT = "/Users/MHReid/Documents/GP2-Labs/GP2BaseCode/workingExBuild";
				USE_HEADERMAP = NO;
				WARNING_CFLAGS = (
					"-Wmost",
					"-Wno-four-char-constants",
					"-Wno-unknown-pragmas",
					"$(inherited)",
				);
			};
			name = Release;
		};
		D1A426F9462340FEAEF8FBD5 /* Release */ = {
			isa = XCBuildConfiguration;
			buildSettings = {
				ONLY_ACTIVE_ARCH = YES;
				SDKROOT = "/Applications/Xcode-beta.app/Contents/Developer/Platforms/MacOSX.platform/Developer/SDKs/MacOSX10.11.sdk";
				SYMROOT = "/Users/MHReid/Documents/GP2-Labs/GP2BaseCode/workingExBuild/build";
			};
			name = Release;
		};
		F528DEC4213048EEBE74F5F1 /* RelWithDebInfo */ = {
			isa = XCBuildConfiguration;
			buildSettings = {
				COMBINE_HIDPI_IMAGES = YES;
				GCC_GENERATE_DEBUGGING_SYMBOLS = YES;
				GCC_INLINES_ARE_PRIVATE_EXTERN = NO;
				GCC_OPTIMIZATION_LEVEL = 0;
				GCC_PREPROCESSOR_DEFINITIONS = "'CMAKE_INTDIR=\"$(CONFIGURATION)$(EFFECTIVE_PLATFORM_NAME)\"'";
				GCC_SYMBOLS_PRIVATE_EXTERN = NO;
				HEADER_SEARCH_PATHS = (
					"/Users/MHReid/Documents/GP2-Labs/GP2BaseCode/GP2BaseCode",
					"/Users/MHReid/Documents/GP2-Labs/GP2BaseCode/include",
					/Library/Frameworks/SDL2.framework/Headers,
					/opt/local/include,
				);
				INSTALL_PATH = "";
				OTHER_LDFLAGS = " ";
				OTHER_REZFLAGS = "";
				PRODUCT_NAME = ALL_BUILD;
				SECTORDER_FLAGS = "";
				SYMROOT = "/Users/MHReid/Documents/GP2-Labs/GP2BaseCode/workingExBuild";
				USE_HEADERMAP = NO;
				WARNING_CFLAGS = (
					"-Wmost",
					"-Wno-four-char-constants",
					"-Wno-unknown-pragmas",
					"$(inherited)",
				);
			};
			name = RelWithDebInfo;
		};
		FD8E25702AF846D3906DFAF4 /* MinSizeRel */ = {
			isa = XCBuildConfiguration;
			buildSettings = {
				COMBINE_HIDPI_IMAGES = YES;
				EXECUTABLE_PREFIX = "";
				EXECUTABLE_SUFFIX = "";
				FRAMEWORK_SEARCH_PATHS = /Library/Frameworks;
				GCC_GENERATE_DEBUGGING_SYMBOLS = NO;
				GCC_INLINES_ARE_PRIVATE_EXTERN = NO;
				GCC_OPTIMIZATION_LEVEL = s;
				GCC_PREPROCESSOR_DEFINITIONS = "'CMAKE_INTDIR=\"$(CONFIGURATION)$(EFFECTIVE_PLATFORM_NAME)\"'";
				GCC_SYMBOLS_PRIVATE_EXTERN = NO;
				HEADER_SEARCH_PATHS = (
					"/Users/MHReid/Documents/GP2-Labs/GP2BaseCode/GP2BaseCode",
					"/Users/MHReid/Documents/GP2-Labs/GP2BaseCode/include",
					/Library/Frameworks/SDL2.framework/Headers,
					/opt/local/include,
				);
				INSTALL_PATH = "";
				LD_RUNPATH_SEARCH_PATHS = /Library/Frameworks;
				LIBRARY_SEARCH_PATHS = "";
				OTHER_CPLUSPLUSFLAGS = (
					"-std=c++0x",
					"-DNDEBUG",
				);
				OTHER_LDFLAGS = (
					"-Wl,-search_paths_first",
					"-Wl,-headerpad_max_install_names",
					"-framework",
					SDL2,
					"-framework",
					Cocoa,
					"-framework",
					AGL,
					"-framework",
					OpenGL,
					/opt/local/lib/libGLEW.dylib,
				);
				OTHER_REZFLAGS = "";
				PRODUCT_NAME = GP2BaseCode;
				SECTORDER_FLAGS = "";
				SYMROOT = "/Users/MHReid/Documents/GP2-Labs/GP2BaseCode/workingExBuild";
				USE_HEADERMAP = NO;
				WARNING_CFLAGS = (
					"-Wmost",
					"-Wno-four-char-constants",
					"-Wno-unknown-pragmas",
					"$(inherited)",
				);
			};
			name = MinSizeRel;
		};
/* End XCBuildConfiguration section */

/* Begin XCConfigurationList section */
		105D441018074C7E812EFA2B /* Build configuration list for PBXProject "GP2BaseCode" */ = {
			isa = XCConfigurationList;
			buildConfigurations = (
				852DECD05079411AA3FDD9CD /* Debug */,
				D1A426F9462340FEAEF8FBD5 /* Release */,
				7FB6CF19E3E74CCEB5E5CC38 /* MinSizeRel */,
				170ACCFE9DCC460A8CB66D66 /* RelWithDebInfo */,
			);
			defaultConfigurationIsVisible = 0;
			defaultConfigurationName = Debug;
		};
		37556576F47D48548A605CA6 /* Build configuration list for PBXNativeTarget "GP2BaseCode" */ = {
			isa = XCConfigurationList;
			buildConfigurations = (
				2F2E9D183EDC42A08390FA91 /* Debug */,
				35D8AD066A6443F498D2306D /* Release */,
				FD8E25702AF846D3906DFAF4 /* MinSizeRel */,
				468C7664AD5143E497E46A8F /* RelWithDebInfo */,
			);
			defaultConfigurationIsVisible = 0;
			defaultConfigurationName = Debug;
		};
		9A37E9C00A774C25AD461F45 /* Build configuration list for PBXAggregateTarget "ALL_BUILD" */ = {
			isa = XCConfigurationList;
			buildConfigurations = (
				36E4A90B74884D6EA87EFE1A /* Debug */,
				540A9DE9454E4A968768100E /* Release */,
				0C701C8D95234C039380A367 /* MinSizeRel */,
				F528DEC4213048EEBE74F5F1 /* RelWithDebInfo */,
			);
			defaultConfigurationIsVisible = 0;
			defaultConfigurationName = Debug;
		};
		B443698C45F64A67ABEE865D /* Build configuration list for PBXAggregateTarget "ZERO_CHECK" */ = {
			isa = XCConfigurationList;
			buildConfigurations = (
				AF2EAC8C5AAC4361B287E70F /* Debug */,
				B8883696A2F344E5B1AE105B /* Release */,
				993D0CD29E0440138B062690 /* MinSizeRel */,
				823B4D201BD747259C5908A5 /* RelWithDebInfo */,
			);
			defaultConfigurationIsVisible = 0;
			defaultConfigurationName = Debug;
		};
/* End XCConfigurationList section */
	};
	rootObject = 8E444C4376AE454F99422D11 /* Project object */;
}
