// !$*UTF8*$!
{
	archiveVersion = 1;
	classes = {
	};
	objectVersion = 46;
	objects = {

/* Begin PBXAggregateTarget section */
		32AD2D22910B43C2BD1053C1 /* ALL_BUILD */ = {
			isa = PBXAggregateTarget;
			buildConfigurationList = 3E5CFBDD06764B4381893306 /* Build configuration list for PBXAggregateTarget "ALL_BUILD" */;
			buildPhases = (
				E3E3F87402654F8F991DE30F /* CMake Rules */,
			);
			dependencies = (
				A429937CEE6E40759B294B4D /* PBXTargetDependency */,
				459F01CDF4154370B956C1CC /* PBXTargetDependency */,
			);
			name = ALL_BUILD;
			productName = ALL_BUILD;
		};
		531D9CA8A9DD4F14ACB9608E /* ZERO_CHECK */ = {
			isa = PBXAggregateTarget;
			buildConfigurationList = AF8427CAF7E64FB8BB6EA1B0 /* Build configuration list for PBXAggregateTarget "ZERO_CHECK" */;
			buildPhases = (
				1B238E71C74F4FB0A4B7A23E /* CMake Rules */,
			);
			dependencies = (
			);
			name = ZERO_CHECK;
			productName = ZERO_CHECK;
		};
/* End PBXAggregateTarget section */

/* Begin PBXBuildFile section */
		607661D1F3644CDFBAAE285F /* FileSystem.cpp in Sources */ = {isa = PBXBuildFile; fileRef = C6AEB25CEE2C4EE9B384A18E /* FileSystem.cpp */; settings = {COMPILER_FLAGS = ""; }; };
		78805B45D7724BB4B7D8314C /* Shader.cpp in Sources */ = {isa = PBXBuildFile; fileRef = 5F7DB506C7994538B06B05D7 /* Shader.cpp */; settings = {COMPILER_FLAGS = ""; }; };
		E8A81731C81F43DEBC3A926A /* main.cpp in Sources */ = {isa = PBXBuildFile; fileRef = BA59C0F5E9664F1A8CBD80C9 /* main.cpp */; settings = {COMPILER_FLAGS = ""; }; };
		EE415BB4E3334104A27D9263 /* FBXLoader.cpp in Sources */ = {isa = PBXBuildFile; fileRef = F87C62BF15694B288265B556 /* FBXLoader.cpp */; settings = {COMPILER_FLAGS = ""; }; };
		F3F3DF16E5704DC8ABC0F84E /* Graphics.cpp in Sources */ = {isa = PBXBuildFile; fileRef = C94F41110DD84E2488171162 /* Graphics.cpp */; settings = {COMPILER_FLAGS = ""; }; };
		FDAC99097C4C4135B5C9A371 /* Texture.cpp in Sources */ = {isa = PBXBuildFile; fileRef = 3D44E549F644485BB37E0553 /* Texture.cpp */; settings = {COMPILER_FLAGS = ""; }; };
/* End PBXBuildFile section */

/* Begin PBXContainerItemProxy section */
		0C904AA20F4F4460890788F8 /* PBXContainerItemProxy */ = {
			isa = PBXContainerItemProxy;
			containerPortal = 2F11A579F1824B0287469FF4 /* Project object */;
			proxyType = 1;
			remoteGlobalIDString = 481AD5B6EAD545D8BFC485C3;
			remoteInfo = GP2BaseCode;
		};
		1467B2E961A546E4A804F413 /* PBXContainerItemProxy */ = {
			isa = PBXContainerItemProxy;
			containerPortal = 2F11A579F1824B0287469FF4 /* Project object */;
			proxyType = 1;
			remoteGlobalIDString = 531D9CA8A9DD4F14ACB9608E;
			remoteInfo = ZERO_CHECK;
		};
		9B5F347762134C9EBE1AD52F /* PBXContainerItemProxy */ = {
			isa = PBXContainerItemProxy;
			containerPortal = 2F11A579F1824B0287469FF4 /* Project object */;
			proxyType = 1;
			remoteGlobalIDString = 531D9CA8A9DD4F14ACB9608E;
			remoteInfo = ZERO_CHECK;
		};
/* End PBXContainerItemProxy section */

/* Begin PBXFileReference section */
		04D48116DCF540E18ED2D07C /* CMakeLists.txt */ = {isa = PBXFileReference; explicitFileType = sourcecode.text; fileEncoding = 4; lastKnownFileType = text; path = CMakeLists.txt; sourceTree = SOURCE_ROOT; };
		0E564DB8271043D88C48DFFD /* CMakeLists.txt */ = {isa = PBXFileReference; explicitFileType = sourcecode.text; fileEncoding = 4; lastKnownFileType = text; path = CMakeLists.txt; sourceTree = SOURCE_ROOT; };
		13922D8EB04B4142ABACD0FB /* Shader.h */ = {isa = PBXFileReference; explicitFileType = sourcecode.c.h; fileEncoding = 4; name = Shader.h; path = include/Shader.h; sourceTree = SOURCE_ROOT; };
		26C678394EF24DA7ABF90690 /* GP2BaseCode */ = {isa = PBXFileReference; explicitFileType = "compiled.mach-o.executable"; path = GP2BaseCode; sourceTree = BUILT_PRODUCTS_DIR; };
		2C8B31211BFF392A005E25EF /* Vertices.h */ = {isa = PBXFileReference; fileEncoding = 4; lastKnownFileType = sourcecode.c.h; name = Vertices.h; path = include/Vertices.h; sourceTree = "<group>"; };
		3D44E549F644485BB37E0553 /* Texture.cpp */ = {isa = PBXFileReference; explicitFileType = sourcecode.cpp.cpp; fileEncoding = 4; name = Texture.cpp; path = src/Texture.cpp; sourceTree = SOURCE_ROOT; };
		4DD47D5F50D74B3FBC615EA8 /* Mesh.h */ = {isa = PBXFileReference; explicitFileType = sourcecode.c.h; fileEncoding = 4; name = Mesh.h; path = include/Mesh.h; sourceTree = SOURCE_ROOT; };
		518F030EABB346B1983B2DB8 /* FileSystem.h */ = {isa = PBXFileReference; explicitFileType = sourcecode.c.h; fileEncoding = 4; name = FileSystem.h; path = include/FileSystem.h; sourceTree = SOURCE_ROOT; };
		5F7DB506C7994538B06B05D7 /* Shader.cpp */ = {isa = PBXFileReference; explicitFileType = sourcecode.cpp.cpp; fileEncoding = 4; name = Shader.cpp; path = src/Shader.cpp; sourceTree = SOURCE_ROOT; };
		82A1F79B408B49D5ABA1345C /* Graphics.h */ = {isa = PBXFileReference; explicitFileType = sourcecode.c.h; fileEncoding = 4; name = Graphics.h; path = include/Graphics.h; sourceTree = SOURCE_ROOT; };
		8825E05A8966436AA80AB0B0 /* Common.h */ = {isa = PBXFileReference; explicitFileType = sourcecode.c.h; fileEncoding = 4; name = Common.h; path = include/Common.h; sourceTree = SOURCE_ROOT; };
		A70EE3C84440466484796F71 /* FBXLoader.h */ = {isa = PBXFileReference; explicitFileType = sourcecode.c.h; fileEncoding = 4; name = FBXLoader.h; path = include/FBXLoader.h; sourceTree = SOURCE_ROOT; };
		AC9D93655D8E40F687DC17D1 /* Texture.h */ = {isa = PBXFileReference; explicitFileType = sourcecode.c.h; fileEncoding = 4; name = Texture.h; path = include/Texture.h; sourceTree = SOURCE_ROOT; };
		BA59C0F5E9664F1A8CBD80C9 /* main.cpp */ = {isa = PBXFileReference; explicitFileType = sourcecode.cpp.cpp; fileEncoding = 4; name = main.cpp; path = src/main.cpp; sourceTree = SOURCE_ROOT; };
		C6AEB25CEE2C4EE9B384A18E /* FileSystem.cpp */ = {isa = PBXFileReference; explicitFileType = sourcecode.cpp.cpp; fileEncoding = 4; name = FileSystem.cpp; path = src/FileSystem.cpp; sourceTree = SOURCE_ROOT; };
		C94F41110DD84E2488171162 /* Graphics.cpp */ = {isa = PBXFileReference; explicitFileType = sourcecode.cpp.cpp; fileEncoding = 4; name = Graphics.cpp; path = src/Graphics.cpp; sourceTree = SOURCE_ROOT; };
		F87C62BF15694B288265B556 /* FBXLoader.cpp */ = {isa = PBXFileReference; explicitFileType = sourcecode.cpp.cpp; fileEncoding = 4; name = FBXLoader.cpp; path = src/FBXLoader.cpp; sourceTree = SOURCE_ROOT; };
		F9A4188625954AB3A8515F5D /* CMakeLists.txt */ = {isa = PBXFileReference; explicitFileType = sourcecode.text; fileEncoding = 4; lastKnownFileType = text; path = CMakeLists.txt; sourceTree = SOURCE_ROOT; };
/* End PBXFileReference section */

/* Begin PBXGroup section */
		0E4D5C433EE44E9FBE8599F1 /* CMake Rules */ = {
			isa = PBXGroup;
			children = (
			);
			name = "CMake Rules";
			sourceTree = "<group>";
		};
		1A947D5394F746CB9ED7BDE4 /* Products */ = {
			isa = PBXGroup;
			children = (
				26C678394EF24DA7ABF90690 /* GP2BaseCode */,
			);
			name = Products;
			sourceTree = "<group>";
		};
		1CABFCCB67624C7BA4BEE001 /* Resources */ = {
			isa = PBXGroup;
			children = (
			);
			name = Resources;
			sourceTree = "<group>";
		};
		2004F21CD7A44D6AB726F517 /* GP2BaseCode */ = {
			isa = PBXGroup;
			children = (
				C313BD0BE2D3478BA3AE455C /* Source Files */,
				6F249EAD8E7D40D9A1FCCA6D /* Header Files */,
				04D48116DCF540E18ED2D07C /* CMakeLists.txt */,
			);
			name = GP2BaseCode;
			sourceTree = "<group>";
		};
		303F80636DF545A98779C72B = {
			isa = PBXGroup;
			children = (
				823EF7DD4F8D470F970C09D1 /* Sources */,
				1CABFCCB67624C7BA4BEE001 /* Resources */,
				1A947D5394F746CB9ED7BDE4 /* Products */,
			);
			sourceTree = "<group>";
		};
		6748895D4F5044C7ABBB8B4C /* ALL_BUILD */ = {
			isa = PBXGroup;
			children = (
				E996F68B844C482EB004AC26 /* CMake Rules */,
				0E564DB8271043D88C48DFFD /* CMakeLists.txt */,
			);
			name = ALL_BUILD;
			sourceTree = "<group>";
		};
		6EB87A82EDCA4C13B05431FF /* ZERO_CHECK */ = {
			isa = PBXGroup;
			children = (
				0E4D5C433EE44E9FBE8599F1 /* CMake Rules */,
				F9A4188625954AB3A8515F5D /* CMakeLists.txt */,
			);
			name = ZERO_CHECK;
			sourceTree = "<group>";
		};
		6F249EAD8E7D40D9A1FCCA6D /* Header Files */ = {
			isa = PBXGroup;
			children = (
				2C8B31211BFF392A005E25EF /* Vertices.h */,
				8825E05A8966436AA80AB0B0 /* Common.h */,
				A70EE3C84440466484796F71 /* FBXLoader.h */,
				518F030EABB346B1983B2DB8 /* FileSystem.h */,
				82A1F79B408B49D5ABA1345C /* Graphics.h */,
				4DD47D5F50D74B3FBC615EA8 /* Mesh.h */,
				13922D8EB04B4142ABACD0FB /* Shader.h */,
				AC9D93655D8E40F687DC17D1 /* Texture.h */,
			);
			name = "Header Files";
			sourceTree = "<group>";
		};
		823EF7DD4F8D470F970C09D1 /* Sources */ = {
			isa = PBXGroup;
			children = (
				6748895D4F5044C7ABBB8B4C /* ALL_BUILD */,
				2004F21CD7A44D6AB726F517 /* GP2BaseCode */,
				6EB87A82EDCA4C13B05431FF /* ZERO_CHECK */,
			);
			name = Sources;
			sourceTree = "<group>";
		};
		C313BD0BE2D3478BA3AE455C /* Source Files */ = {
			isa = PBXGroup;
			children = (
				F87C62BF15694B288265B556 /* FBXLoader.cpp */,
				C6AEB25CEE2C4EE9B384A18E /* FileSystem.cpp */,
				C94F41110DD84E2488171162 /* Graphics.cpp */,
				5F7DB506C7994538B06B05D7 /* Shader.cpp */,
				3D44E549F644485BB37E0553 /* Texture.cpp */,
				BA59C0F5E9664F1A8CBD80C9 /* main.cpp */,
			);
			name = "Source Files";
			sourceTree = "<group>";
		};
		E996F68B844C482EB004AC26 /* CMake Rules */ = {
			isa = PBXGroup;
			children = (
			);
			name = "CMake Rules";
			sourceTree = "<group>";
		};
/* End PBXGroup section */

/* Begin PBXNativeTarget section */
		481AD5B6EAD545D8BFC485C3 /* GP2BaseCode */ = {
			isa = PBXNativeTarget;
			buildConfigurationList = 78F5B2061032415ABA30873A /* Build configuration list for PBXNativeTarget "GP2BaseCode" */;
			buildPhases = (
				92DD12EC1962404AB8F80E4A /* CMake PreBuild Rules */,
				AE4B86792A9C48649DD06639 /* Sources */,
			);
			buildRules = (
			);
			dependencies = (
				1A0E96173A1446AEA3599D02 /* PBXTargetDependency */,
			);
			name = GP2BaseCode;
			productName = GP2BaseCode;
			productReference = 26C678394EF24DA7ABF90690 /* GP2BaseCode */;
			productType = "com.apple.product-type.tool";
		};
/* End PBXNativeTarget section */

/* Begin PBXProject section */
		2F11A579F1824B0287469FF4 /* Project object */ = {
			isa = PBXProject;
			attributes = {
				BuildIndependentTargetsInParallel = YES;
			};
			buildConfigurationList = 03749C73C40646799FA54073 /* Build configuration list for PBXProject "GP2BaseCode" */;
			compatibilityVersion = "Xcode 3.2";
			developmentRegion = English;
			hasScannedForEncodings = 0;
			knownRegions = (
				en,
			);
			mainGroup = 303F80636DF545A98779C72B;
			projectDirPath = ../;
			projectRoot = "";
			targets = (
				32AD2D22910B43C2BD1053C1 /* ALL_BUILD */,
				481AD5B6EAD545D8BFC485C3 /* GP2BaseCode */,
				531D9CA8A9DD4F14ACB9608E /* ZERO_CHECK */,
			);
		};
/* End PBXProject section */

/* Begin PBXShellScriptBuildPhase section */
		1B238E71C74F4FB0A4B7A23E /* CMake Rules */ = {
			isa = PBXShellScriptBuildPhase;
			buildActionMask = 2147483647;
			files = (
			);
			name = "CMake Rules";
			runOnlyForDeploymentPostprocessing = 0;
			shellPath = /bin/sh;
			shellScript = "make -C /Users/MHReid/Documents/GP2-Labs/GP2BaseCode/starterEx4 -f /Users/MHReid/Documents/GP2-Labs/GP2BaseCode/starterEx4/CMakeScripts/ZERO_CHECK_cmakeRulesBuildPhase.make$CONFIGURATION all";
			showEnvVarsInLog = 0;
		};
		92DD12EC1962404AB8F80E4A /* CMake PreBuild Rules */ = {
			isa = PBXShellScriptBuildPhase;
			buildActionMask = 2147483647;
			files = (
			);
			name = "CMake PreBuild Rules";
			runOnlyForDeploymentPostprocessing = 0;
			shellPath = /bin/sh;
			shellScript = "make -C /Users/MHReid/Documents/GP2-Labs/GP2BaseCode/starterEx4 -f /Users/MHReid/Documents/GP2-Labs/GP2BaseCode/starterEx4/CMakeScripts/GP2BaseCode_preBuildCommands.make$CONFIGURATION all";
			showEnvVarsInLog = 0;
		};
		E3E3F87402654F8F991DE30F /* CMake Rules */ = {
			isa = PBXShellScriptBuildPhase;
			buildActionMask = 2147483647;
			files = (
			);
			name = "CMake Rules";
			runOnlyForDeploymentPostprocessing = 0;
			shellPath = /bin/sh;
			shellScript = "make -C /Users/MHReid/Documents/GP2-Labs/GP2BaseCode/starterEx4 -f /Users/MHReid/Documents/GP2-Labs/GP2BaseCode/starterEx4/CMakeScripts/ALL_BUILD_cmakeRulesBuildPhase.make$CONFIGURATION all";
			showEnvVarsInLog = 0;
		};
/* End PBXShellScriptBuildPhase section */

/* Begin PBXSourcesBuildPhase section */
		AE4B86792A9C48649DD06639 /* Sources */ = {
			isa = PBXSourcesBuildPhase;
			buildActionMask = 2147483647;
			files = (
				EE415BB4E3334104A27D9263 /* FBXLoader.cpp in Sources */,
				607661D1F3644CDFBAAE285F /* FileSystem.cpp in Sources */,
				F3F3DF16E5704DC8ABC0F84E /* Graphics.cpp in Sources */,
				78805B45D7724BB4B7D8314C /* Shader.cpp in Sources */,
				FDAC99097C4C4135B5C9A371 /* Texture.cpp in Sources */,
				E8A81731C81F43DEBC3A926A /* main.cpp in Sources */,
			);
			runOnlyForDeploymentPostprocessing = 0;
		};
/* End PBXSourcesBuildPhase section */

/* Begin PBXTargetDependency section */
		1A0E96173A1446AEA3599D02 /* PBXTargetDependency */ = {
			isa = PBXTargetDependency;
			target = 531D9CA8A9DD4F14ACB9608E /* ZERO_CHECK */;
			targetProxy = 9B5F347762134C9EBE1AD52F /* PBXContainerItemProxy */;
		};
		459F01CDF4154370B956C1CC /* PBXTargetDependency */ = {
			isa = PBXTargetDependency;
			target = 481AD5B6EAD545D8BFC485C3 /* GP2BaseCode */;
			targetProxy = 0C904AA20F4F4460890788F8 /* PBXContainerItemProxy */;
		};
		A429937CEE6E40759B294B4D /* PBXTargetDependency */ = {
			isa = PBXTargetDependency;
			target = 531D9CA8A9DD4F14ACB9608E /* ZERO_CHECK */;
			targetProxy = 1467B2E961A546E4A804F413 /* PBXContainerItemProxy */;
		};
/* End PBXTargetDependency section */

/* Begin XCBuildConfiguration section */
		0894509B650F443585948ABC /* Debug */ = {
			isa = XCBuildConfiguration;
			buildSettings = {
				ONLY_ACTIVE_ARCH = YES;
				SDKROOT = "/Applications/Xcode-beta.app/Contents/Developer/Platforms/MacOSX.platform/Developer/SDKs/MacOSX10.11.sdk";
				SYMROOT = "/Users/MHReid/Documents/GP2-Labs/GP2BaseCode/starterEx4/build";
			};
			name = Debug;
		};
		0B55682F14F446F59CAB1DB9 /* MinSizeRel */ = {
			isa = XCBuildConfiguration;
			buildSettings = {
				ONLY_ACTIVE_ARCH = YES;
				SDKROOT = "/Applications/Xcode-beta.app/Contents/Developer/Platforms/MacOSX.platform/Developer/SDKs/MacOSX10.11.sdk";
				SYMROOT = "/Users/MHReid/Documents/GP2-Labs/GP2BaseCode/starterEx4/build";
			};
			name = MinSizeRel;
		};
		19A8976DEF9344ED922A89D8 /* RelWithDebInfo */ = {
			isa = XCBuildConfiguration;
			buildSettings = {
				COMBINE_HIDPI_IMAGES = YES;
				EXECUTABLE_PREFIX = "";
				EXECUTABLE_SUFFIX = "";
				FRAMEWORK_SEARCH_PATHS = /Library/Frameworks;
				GCC_GENERATE_DEBUGGING_SYMBOLS = YES;
				GCC_INLINES_ARE_PRIVATE_EXTERN = NO;
				GCC_OPTIMIZATION_LEVEL = 2;
				GCC_PREPROCESSOR_DEFINITIONS = "'CMAKE_INTDIR=\"$(CONFIGURATION)$(EFFECTIVE_PLATFORM_NAME)\"'";
				GCC_SYMBOLS_PRIVATE_EXTERN = NO;
				HEADER_SEARCH_PATHS = (
					"/Users/MHReid/Documents/GP2-Labs/GP2BaseCode/GP2BaseCode",
					"/Users/MHReid/Documents/GP2-Labs/GP2BaseCode/include",
					/Library/Frameworks/SDL2.framework/Headers,
					/opt/local/include,
					/opt/local/include/SDL2,
					"\"/Applications/Autodesk/FBX SDK/2015.1/include\"",
				);
				INSTALL_PATH = "";
				LD_RUNPATH_SEARCH_PATHS = /Library/Frameworks;
				LIBRARY_SEARCH_PATHS = "";
				OTHER_CPLUSPLUSFLAGS = (
					"-std=c++0x",
					"-DNDEBUG",
				);
				OTHER_LDFLAGS = (
					"-Wl,-search_paths_first",
					"-Wl,-headerpad_max_install_names",
					"-framework",
					SDL2,
					"-framework",
					Cocoa,
					"-framework",
					AGL,
					"-framework",
					OpenGL,
					/opt/local/lib/libGLEW.dylib,
					/opt/local/lib/libSDL2_image.dylib,
					/opt/local/lib/libSDL2_ttf.dylib,
					"\"/Applications/Autodesk/FBX SDK/2015.1/lib/clang/release/libfbxsdk.a\"",
				);
				OTHER_REZFLAGS = "";
				PRODUCT_NAME = GP2BaseCode;
				SECTORDER_FLAGS = "";
				SYMROOT = "/Users/MHReid/Documents/GP2-Labs/GP2BaseCode/starterEx4";
				USE_HEADERMAP = NO;
				WARNING_CFLAGS = (
					"-Wmost",
					"-Wno-four-char-constants",
					"-Wno-unknown-pragmas",
					"$(inherited)",
				);
			};
			name = RelWithDebInfo;
		};
		220340586CF54083BC4373B6 /* Release */ = {
			isa = XCBuildConfiguration;
			buildSettings = {
				COMBINE_HIDPI_IMAGES = YES;
				GCC_GENERATE_DEBUGGING_SYMBOLS = YES;
				GCC_INLINES_ARE_PRIVATE_EXTERN = NO;
				GCC_OPTIMIZATION_LEVEL = 0;
				GCC_PREPROCESSOR_DEFINITIONS = "'CMAKE_INTDIR=\"$(CONFIGURATION)$(EFFECTIVE_PLATFORM_NAME)\"'";
				GCC_SYMBOLS_PRIVATE_EXTERN = NO;
				HEADER_SEARCH_PATHS = (
					"/Users/MHReid/Documents/GP2-Labs/GP2BaseCode/GP2BaseCode",
					"/Users/MHReid/Documents/GP2-Labs/GP2BaseCode/include",
					/Library/Frameworks/SDL2.framework/Headers,
					/opt/local/include,
					/opt/local/include/SDL2,
					"\"/Applications/Autodesk/FBX SDK/2015.1/include\"",
				);
				INSTALL_PATH = "";
				OTHER_LDFLAGS = " ";
				OTHER_REZFLAGS = "";
				PRODUCT_NAME = ZERO_CHECK;
				SECTORDER_FLAGS = "";
				SYMROOT = "/Users/MHReid/Documents/GP2-Labs/GP2BaseCode/starterEx4";
				USE_HEADERMAP = NO;
				WARNING_CFLAGS = (
					"-Wmost",
					"-Wno-four-char-constants",
					"-Wno-unknown-pragmas",
					"$(inherited)",
				);
			};
			name = Release;
		};
		2888EB761AFE493EA1742D45 /* RelWithDebInfo */ = {
			isa = XCBuildConfiguration;
			buildSettings = {
				COMBINE_HIDPI_IMAGES = YES;
				GCC_GENERATE_DEBUGGING_SYMBOLS = YES;
				GCC_INLINES_ARE_PRIVATE_EXTERN = NO;
				GCC_OPTIMIZATION_LEVEL = 0;
				GCC_PREPROCESSOR_DEFINITIONS = "'CMAKE_INTDIR=\"$(CONFIGURATION)$(EFFECTIVE_PLATFORM_NAME)\"'";
				GCC_SYMBOLS_PRIVATE_EXTERN = NO;
				HEADER_SEARCH_PATHS = (
					"/Users/MHReid/Documents/GP2-Labs/GP2BaseCode/GP2BaseCode",
					"/Users/MHReid/Documents/GP2-Labs/GP2BaseCode/include",
					/Library/Frameworks/SDL2.framework/Headers,
					/opt/local/include,
					/opt/local/include/SDL2,
					"\"/Applications/Autodesk/FBX SDK/2015.1/include\"",
				);
				INSTALL_PATH = "";
				OTHER_LDFLAGS = " ";
				OTHER_REZFLAGS = "";
				PRODUCT_NAME = ZERO_CHECK;
				SECTORDER_FLAGS = "";
				SYMROOT = "/Users/MHReid/Documents/GP2-Labs/GP2BaseCode/starterEx4";
				USE_HEADERMAP = NO;
				WARNING_CFLAGS = (
					"-Wmost",
					"-Wno-four-char-constants",
					"-Wno-unknown-pragmas",
					"$(inherited)",
				);
			};
			name = RelWithDebInfo;
		};
		2CF003C0A29247A9A962005F /* MinSizeRel */ = {
			isa = XCBuildConfiguration;
			buildSettings = {
				COMBINE_HIDPI_IMAGES = YES;
				EXECUTABLE_PREFIX = "";
				EXECUTABLE_SUFFIX = "";
				FRAMEWORK_SEARCH_PATHS = /Library/Frameworks;
				GCC_GENERATE_DEBUGGING_SYMBOLS = NO;
				GCC_INLINES_ARE_PRIVATE_EXTERN = NO;
				GCC_OPTIMIZATION_LEVEL = s;
				GCC_PREPROCESSOR_DEFINITIONS = "'CMAKE_INTDIR=\"$(CONFIGURATION)$(EFFECTIVE_PLATFORM_NAME)\"'";
				GCC_SYMBOLS_PRIVATE_EXTERN = NO;
				HEADER_SEARCH_PATHS = (
					"/Users/MHReid/Documents/GP2-Labs/GP2BaseCode/GP2BaseCode",
					"/Users/MHReid/Documents/GP2-Labs/GP2BaseCode/include",
					/Library/Frameworks/SDL2.framework/Headers,
					/opt/local/include,
					/opt/local/include/SDL2,
					"\"/Applications/Autodesk/FBX SDK/2015.1/include\"",
				);
				INSTALL_PATH = "";
				LD_RUNPATH_SEARCH_PATHS = /Library/Frameworks;
				LIBRARY_SEARCH_PATHS = "";
				OTHER_CPLUSPLUSFLAGS = (
					"-std=c++0x",
					"-DNDEBUG",
				);
				OTHER_LDFLAGS = (
					"-Wl,-search_paths_first",
					"-Wl,-headerpad_max_install_names",
					"-framework",
					SDL2,
					"-framework",
					Cocoa,
					"-framework",
					AGL,
					"-framework",
					OpenGL,
					/opt/local/lib/libGLEW.dylib,
					/opt/local/lib/libSDL2_image.dylib,
					/opt/local/lib/libSDL2_ttf.dylib,
					"\"/Applications/Autodesk/FBX SDK/2015.1/lib/clang/release/libfbxsdk.a\"",
				);
				OTHER_REZFLAGS = "";
				PRODUCT_NAME = GP2BaseCode;
				SECTORDER_FLAGS = "";
				SYMROOT = "/Users/MHReid/Documents/GP2-Labs/GP2BaseCode/starterEx4";
				USE_HEADERMAP = NO;
				WARNING_CFLAGS = (
					"-Wmost",
					"-Wno-four-char-constants",
					"-Wno-unknown-pragmas",
					"$(inherited)",
				);
			};
			name = MinSizeRel;
		};
		4B0450B01CC7446FB72DCC58 /* Release */ = {
			isa = XCBuildConfiguration;
			buildSettings = {
				ONLY_ACTIVE_ARCH = YES;
				SDKROOT = "/Applications/Xcode-beta.app/Contents/Developer/Platforms/MacOSX.platform/Developer/SDKs/MacOSX10.11.sdk";
				SYMROOT = "/Users/MHReid/Documents/GP2-Labs/GP2BaseCode/starterEx4/build";
			};
			name = Release;
		};
		4C3C3B755D0544BF9BBA2D9D /* Debug */ = {
			isa = XCBuildConfiguration;
			buildSettings = {
				COMBINE_HIDPI_IMAGES = YES;
				GCC_GENERATE_DEBUGGING_SYMBOLS = YES;
				GCC_INLINES_ARE_PRIVATE_EXTERN = NO;
				GCC_OPTIMIZATION_LEVEL = 0;
				GCC_PREPROCESSOR_DEFINITIONS = "'CMAKE_INTDIR=\"$(CONFIGURATION)$(EFFECTIVE_PLATFORM_NAME)\"'";
				GCC_SYMBOLS_PRIVATE_EXTERN = NO;
				HEADER_SEARCH_PATHS = (
					"/Users/MHReid/Documents/GP2-Labs/GP2BaseCode/GP2BaseCode",
					"/Users/MHReid/Documents/GP2-Labs/GP2BaseCode/include",
					/Library/Frameworks/SDL2.framework/Headers,
					/opt/local/include,
					/opt/local/include/SDL2,
					"\"/Applications/Autodesk/FBX SDK/2015.1/include\"",
				);
				INSTALL_PATH = "";
				OTHER_LDFLAGS = " ";
				OTHER_REZFLAGS = "";
				PRODUCT_NAME = ALL_BUILD;
				SECTORDER_FLAGS = "";
				SYMROOT = "/Users/MHReid/Documents/GP2-Labs/GP2BaseCode/starterEx4";
				USE_HEADERMAP = NO;
				WARNING_CFLAGS = (
					"-Wmost",
					"-Wno-four-char-constants",
					"-Wno-unknown-pragmas",
					"$(inherited)",
				);
			};
			name = Debug;
		};
		6724863582A2486384F86D61 /* Debug */ = {
			isa = XCBuildConfiguration;
			buildSettings = {
				COMBINE_HIDPI_IMAGES = YES;
				GCC_GENERATE_DEBUGGING_SYMBOLS = YES;
				GCC_INLINES_ARE_PRIVATE_EXTERN = NO;
				GCC_OPTIMIZATION_LEVEL = 0;
				GCC_PREPROCESSOR_DEFINITIONS = "'CMAKE_INTDIR=\"$(CONFIGURATION)$(EFFECTIVE_PLATFORM_NAME)\"'";
				GCC_SYMBOLS_PRIVATE_EXTERN = NO;
				HEADER_SEARCH_PATHS = (
					"/Users/MHReid/Documents/GP2-Labs/GP2BaseCode/GP2BaseCode",
					"/Users/MHReid/Documents/GP2-Labs/GP2BaseCode/include",
					/Library/Frameworks/SDL2.framework/Headers,
					/opt/local/include,
					/opt/local/include/SDL2,
					"\"/Applications/Autodesk/FBX SDK/2015.1/include\"",
				);
				INSTALL_PATH = "";
				OTHER_LDFLAGS = " ";
				OTHER_REZFLAGS = "";
				PRODUCT_NAME = ZERO_CHECK;
				SECTORDER_FLAGS = "";
				SYMROOT = "/Users/MHReid/Documents/GP2-Labs/GP2BaseCode/starterEx4";
				USE_HEADERMAP = NO;
				WARNING_CFLAGS = (
					"-Wmost",
					"-Wno-four-char-constants",
					"-Wno-unknown-pragmas",
					"$(inherited)",
				);
			};
			name = Debug;
		};
		6FE08A2335EE4065A53EC030 /* Debug */ = {
			isa = XCBuildConfiguration;
			buildSettings = {
				COMBINE_HIDPI_IMAGES = YES;
				EXECUTABLE_PREFIX = "";
				EXECUTABLE_SUFFIX = "";
				FRAMEWORK_SEARCH_PATHS = /Library/Frameworks;
				GCC_GENERATE_DEBUGGING_SYMBOLS = YES;
				GCC_INLINES_ARE_PRIVATE_EXTERN = NO;
				GCC_OPTIMIZATION_LEVEL = 0;
				GCC_PREPROCESSOR_DEFINITIONS = "'CMAKE_INTDIR=\"$(CONFIGURATION)$(EFFECTIVE_PLATFORM_NAME)\"'";
				GCC_SYMBOLS_PRIVATE_EXTERN = NO;
				HEADER_SEARCH_PATHS = (
					"/Users/MHReid/Documents/GP2-Labs/GP2BaseCode/GP2BaseCode",
					"/Users/MHReid/Documents/GP2-Labs/GP2BaseCode/include",
					/Library/Frameworks/SDL2.framework/Headers,
					/opt/local/include,
					/opt/local/include/SDL2,
					"\"/Applications/Autodesk/FBX SDK/2015.1/include\"",
				);
				INSTALL_PATH = "";
				LD_RUNPATH_SEARCH_PATHS = /Library/Frameworks;
				LIBRARY_SEARCH_PATHS = "";
				OTHER_CPLUSPLUSFLAGS = "-std=c++0x      ";
				OTHER_LDFLAGS = (
					"-Wl,-search_paths_first",
					"-Wl,-headerpad_max_install_names",
					"-framework",
					SDL2,
					"-framework",
					Cocoa,
					"-framework",
					AGL,
					"-framework",
					OpenGL,
					/opt/local/lib/libGLEW.dylib,
					/opt/local/lib/libSDL2_image.dylib,
					/opt/local/lib/libSDL2_ttf.dylib,
					"\"/Applications/Autodesk/FBX SDK/2015.1/lib/clang/release/libfbxsdk.a\"",
				);
				OTHER_REZFLAGS = "";
				PRODUCT_NAME = GP2BaseCode;
				SECTORDER_FLAGS = "";
				SYMROOT = "/Users/MHReid/Documents/GP2-Labs/GP2BaseCode/starterEx4";
				USE_HEADERMAP = NO;
				WARNING_CFLAGS = (
					"-Wmost",
					"-Wno-four-char-constants",
					"-Wno-unknown-pragmas",
					"$(inherited)",
				);
			};
			name = Debug;
		};
		6FFEE95F3B2E4FACA05B64F7 /* RelWithDebInfo */ = {
			isa = XCBuildConfiguration;
			buildSettings = {
				ONLY_ACTIVE_ARCH = YES;
				SDKROOT = "/Applications/Xcode-beta.app/Contents/Developer/Platforms/MacOSX.platform/Developer/SDKs/MacOSX10.11.sdk";
				SYMROOT = "/Users/MHReid/Documents/GP2-Labs/GP2BaseCode/starterEx4/build";
			};
			name = RelWithDebInfo;
		};
		7A34863F5BB845269B8E885B /* RelWithDebInfo */ = {
			isa = XCBuildConfiguration;
			buildSettings = {
				COMBINE_HIDPI_IMAGES = YES;
				GCC_GENERATE_DEBUGGING_SYMBOLS = YES;
				GCC_INLINES_ARE_PRIVATE_EXTERN = NO;
				GCC_OPTIMIZATION_LEVEL = 0;
				GCC_PREPROCESSOR_DEFINITIONS = "'CMAKE_INTDIR=\"$(CONFIGURATION)$(EFFECTIVE_PLATFORM_NAME)\"'";
				GCC_SYMBOLS_PRIVATE_EXTERN = NO;
				HEADER_SEARCH_PATHS = (
					"/Users/MHReid/Documents/GP2-Labs/GP2BaseCode/GP2BaseCode",
					"/Users/MHReid/Documents/GP2-Labs/GP2BaseCode/include",
					/Library/Frameworks/SDL2.framework/Headers,
					/opt/local/include,
					/opt/local/include/SDL2,
					"\"/Applications/Autodesk/FBX SDK/2015.1/include\"",
				);
				INSTALL_PATH = "";
				OTHER_LDFLAGS = " ";
				OTHER_REZFLAGS = "";
				PRODUCT_NAME = ALL_BUILD;
				SECTORDER_FLAGS = "";
				SYMROOT = "/Users/MHReid/Documents/GP2-Labs/GP2BaseCode/starterEx4";
				USE_HEADERMAP = NO;
				WARNING_CFLAGS = (
					"-Wmost",
					"-Wno-four-char-constants",
					"-Wno-unknown-pragmas",
					"$(inherited)",
				);
			};
			name = RelWithDebInfo;
		};
		7C9CEC70E3754AB3A4B19841 /* MinSizeRel */ = {
			isa = XCBuildConfiguration;
			buildSettings = {
				COMBINE_HIDPI_IMAGES = YES;
				GCC_GENERATE_DEBUGGING_SYMBOLS = YES;
				GCC_INLINES_ARE_PRIVATE_EXTERN = NO;
				GCC_OPTIMIZATION_LEVEL = 0;
				GCC_PREPROCESSOR_DEFINITIONS = "'CMAKE_INTDIR=\"$(CONFIGURATION)$(EFFECTIVE_PLATFORM_NAME)\"'";
				GCC_SYMBOLS_PRIVATE_EXTERN = NO;
				HEADER_SEARCH_PATHS = (
					"/Users/MHReid/Documents/GP2-Labs/GP2BaseCode/GP2BaseCode",
					"/Users/MHReid/Documents/GP2-Labs/GP2BaseCode/include",
					/Library/Frameworks/SDL2.framework/Headers,
					/opt/local/include,
					/opt/local/include/SDL2,
					"\"/Applications/Autodesk/FBX SDK/2015.1/include\"",
				);
				INSTALL_PATH = "";
				OTHER_LDFLAGS = " ";
				OTHER_REZFLAGS = "";
				PRODUCT_NAME = ALL_BUILD;
				SECTORDER_FLAGS = "";
				SYMROOT = "/Users/MHReid/Documents/GP2-Labs/GP2BaseCode/starterEx4";
				USE_HEADERMAP = NO;
				WARNING_CFLAGS = (
					"-Wmost",
					"-Wno-four-char-constants",
					"-Wno-unknown-pragmas",
					"$(inherited)",
				);
			};
			name = MinSizeRel;
		};
		7E0412D0A0FB420C872C21B0 /* Release */ = {
			isa = XCBuildConfiguration;
			buildSettings = {
				COMBINE_HIDPI_IMAGES = YES;
				EXECUTABLE_PREFIX = "";
				EXECUTABLE_SUFFIX = "";
				FRAMEWORK_SEARCH_PATHS = /Library/Frameworks;
				GCC_GENERATE_DEBUGGING_SYMBOLS = NO;
				GCC_INLINES_ARE_PRIVATE_EXTERN = NO;
				GCC_OPTIMIZATION_LEVEL = 3;
				GCC_PREPROCESSOR_DEFINITIONS = "'CMAKE_INTDIR=\"$(CONFIGURATION)$(EFFECTIVE_PLATFORM_NAME)\"'";
				GCC_SYMBOLS_PRIVATE_EXTERN = NO;
				HEADER_SEARCH_PATHS = (
					"/Users/MHReid/Documents/GP2-Labs/GP2BaseCode/GP2BaseCode",
					"/Users/MHReid/Documents/GP2-Labs/GP2BaseCode/include",
					/Library/Frameworks/SDL2.framework/Headers,
					/opt/local/include,
					/opt/local/include/SDL2,
					"\"/Applications/Autodesk/FBX SDK/2015.1/include\"",
				);
				INSTALL_PATH = "";
				LD_RUNPATH_SEARCH_PATHS = /Library/Frameworks;
				LIBRARY_SEARCH_PATHS = "";
				OTHER_CPLUSPLUSFLAGS = (
					"-std=c++0x",
					"-DNDEBUG",
				);
				OTHER_LDFLAGS = (
					"-Wl,-search_paths_first",
					"-Wl,-headerpad_max_install_names",
					"-framework",
					SDL2,
					"-framework",
					Cocoa,
					"-framework",
					AGL,
					"-framework",
					OpenGL,
					/opt/local/lib/libGLEW.dylib,
					/opt/local/lib/libSDL2_image.dylib,
					/opt/local/lib/libSDL2_ttf.dylib,
					"\"/Applications/Autodesk/FBX SDK/2015.1/lib/clang/release/libfbxsdk.a\"",
				);
				OTHER_REZFLAGS = "";
				PRODUCT_NAME = GP2BaseCode;
				SECTORDER_FLAGS = "";
				SYMROOT = "/Users/MHReid/Documents/GP2-Labs/GP2BaseCode/starterEx4";
				USE_HEADERMAP = NO;
				WARNING_CFLAGS = (
					"-Wmost",
					"-Wno-four-char-constants",
					"-Wno-unknown-pragmas",
					"$(inherited)",
				);
			};
			name = Release;
		};
		BF2923F794214224BC4FE1B9 /* MinSizeRel */ = {
			isa = XCBuildConfiguration;
			buildSettings = {
				COMBINE_HIDPI_IMAGES = YES;
				GCC_GENERATE_DEBUGGING_SYMBOLS = YES;
				GCC_INLINES_ARE_PRIVATE_EXTERN = NO;
				GCC_OPTIMIZATION_LEVEL = 0;
				GCC_PREPROCESSOR_DEFINITIONS = "'CMAKE_INTDIR=\"$(CONFIGURATION)$(EFFECTIVE_PLATFORM_NAME)\"'";
				GCC_SYMBOLS_PRIVATE_EXTERN = NO;
				HEADER_SEARCH_PATHS = (
					"/Users/MHReid/Documents/GP2-Labs/GP2BaseCode/GP2BaseCode",
					"/Users/MHReid/Documents/GP2-Labs/GP2BaseCode/include",
					/Library/Frameworks/SDL2.framework/Headers,
					/opt/local/include,
					/opt/local/include/SDL2,
					"\"/Applications/Autodesk/FBX SDK/2015.1/include\"",
				);
				INSTALL_PATH = "";
				OTHER_LDFLAGS = " ";
				OTHER_REZFLAGS = "";
				PRODUCT_NAME = ZERO_CHECK;
				SECTORDER_FLAGS = "";
				SYMROOT = "/Users/MHReid/Documents/GP2-Labs/GP2BaseCode/starterEx4";
				USE_HEADERMAP = NO;
				WARNING_CFLAGS = (
					"-Wmost",
					"-Wno-four-char-constants",
					"-Wno-unknown-pragmas",
					"$(inherited)",
				);
			};
			name = MinSizeRel;
		};
		C56D6B354ED94F1A84C9FE85 /* Release */ = {
			isa = XCBuildConfiguration;
			buildSettings = {
				COMBINE_HIDPI_IMAGES = YES;
				GCC_GENERATE_DEBUGGING_SYMBOLS = YES;
				GCC_INLINES_ARE_PRIVATE_EXTERN = NO;
				GCC_OPTIMIZATION_LEVEL = 0;
				GCC_PREPROCESSOR_DEFINITIONS = "'CMAKE_INTDIR=\"$(CONFIGURATION)$(EFFECTIVE_PLATFORM_NAME)\"'";
				GCC_SYMBOLS_PRIVATE_EXTERN = NO;
				HEADER_SEARCH_PATHS = (
					"/Users/MHReid/Documents/GP2-Labs/GP2BaseCode/GP2BaseCode",
					"/Users/MHReid/Documents/GP2-Labs/GP2BaseCode/include",
					/Library/Frameworks/SDL2.framework/Headers,
					/opt/local/include,
					/opt/local/include/SDL2,
					"\"/Applications/Autodesk/FBX SDK/2015.1/include\"",
				);
				INSTALL_PATH = "";
				OTHER_LDFLAGS = " ";
				OTHER_REZFLAGS = "";
				PRODUCT_NAME = ALL_BUILD;
				SECTORDER_FLAGS = "";
				SYMROOT = "/Users/MHReid/Documents/GP2-Labs/GP2BaseCode/starterEx4";
				USE_HEADERMAP = NO;
				WARNING_CFLAGS = (
					"-Wmost",
					"-Wno-four-char-constants",
					"-Wno-unknown-pragmas",
					"$(inherited)",
				);
			};
			name = Release;
		};
/* End XCBuildConfiguration section */

/* Begin XCConfigurationList section */
		03749C73C40646799FA54073 /* Build configuration list for PBXProject "GP2BaseCode" */ = {
			isa = XCConfigurationList;
			buildConfigurations = (
				0894509B650F443585948ABC /* Debug */,
				4B0450B01CC7446FB72DCC58 /* Release */,
				0B55682F14F446F59CAB1DB9 /* MinSizeRel */,
				6FFEE95F3B2E4FACA05B64F7 /* RelWithDebInfo */,
			);
			defaultConfigurationIsVisible = 0;
			defaultConfigurationName = Debug;
		};
		3E5CFBDD06764B4381893306 /* Build configuration list for PBXAggregateTarget "ALL_BUILD" */ = {
			isa = XCConfigurationList;
			buildConfigurations = (
				4C3C3B755D0544BF9BBA2D9D /* Debug */,
				C56D6B354ED94F1A84C9FE85 /* Release */,
				7C9CEC70E3754AB3A4B19841 /* MinSizeRel */,
				7A34863F5BB845269B8E885B /* RelWithDebInfo */,
			);
			defaultConfigurationIsVisible = 0;
			defaultConfigurationName = Debug;
		};
		78F5B2061032415ABA30873A /* Build configuration list for PBXNativeTarget "GP2BaseCode" */ = {
			isa = XCConfigurationList;
			buildConfigurations = (
				6FE08A2335EE4065A53EC030 /* Debug */,
				7E0412D0A0FB420C872C21B0 /* Release */,
				2CF003C0A29247A9A962005F /* MinSizeRel */,
				19A8976DEF9344ED922A89D8 /* RelWithDebInfo */,
			);
			defaultConfigurationIsVisible = 0;
			defaultConfigurationName = Debug;
		};
		AF8427CAF7E64FB8BB6EA1B0 /* Build configuration list for PBXAggregateTarget "ZERO_CHECK" */ = {
			isa = XCConfigurationList;
			buildConfigurations = (
				6724863582A2486384F86D61 /* Debug */,
				220340586CF54083BC4373B6 /* Release */,
				BF2923F794214224BC4FE1B9 /* MinSizeRel */,
				2888EB761AFE493EA1742D45 /* RelWithDebInfo */,
			);
			defaultConfigurationIsVisible = 0;
			defaultConfigurationName = Debug;
		};
/* End XCConfigurationList section */
	};
	rootObject = 2F11A579F1824B0287469FF4 /* Project object */;
}
